{
  "name": "tahu_old",
  "lockfileVersion": 3,
  "requires": true,
  "packages": {
    "": {
      "dependencies": {
        "postprocessing": "^6.33.3",
        "three": "^0.158.0",
        "three-addons": "^1.2.0"
      }
    },
    "node_modules/postprocessing": {
      "version": "6.33.3",
      "resolved": "https://registry.npmjs.org/postprocessing/-/postprocessing-6.33.3.tgz",
      "integrity": "sha512-zQAVvcMf7bfeggQNQeVErD/UFd1XHBi2X6+yxwIv9PjhGCLAYKue3UuzVyu95O7ZUvkDwF0TyTzKdxoaVwYi7w==",
      "engines": {
        "node": ">= 0.13.2"
      },
      "peerDependencies": {
        "three": ">= 0.138.0 < 0.159.0"
      }
    },
    "node_modules/three": {
      "version": "0.158.0",
      "resolved": "https://registry.npmjs.org/three/-/three-0.158.0.tgz",
      "integrity": "sha512-TALj4EOpdDPF1henk2Q+s17K61uEAAWQ7TJB68nr7FKxqwyDr3msOt5IWdbGm4TaWKjrtWS8DJJWe9JnvsWOhQ=="
    },
    "node_modules/three-addons": {
      "version": "1.2.0",
      "resolved": "https://registry.npmjs.org/three-addons/-/three-addons-1.2.0.tgz",
      "integrity": "sha512-tmPGLtcsDb0Bt6bVU82y9KX0rdAzizr7t2rFjBecWq4pvfGMY3l+yCfvntGYeZGJ9cjsli10cHSWHsN1pTy4mA==",
      "dependencies": {
        "three": "^0.92.0"
      }
    },
    "node_modules/three-addons/node_modules/three": {
      "version": "0.92.0",
      "resolved": "https://registry.npmjs.org/three/-/three-0.92.0.tgz",
      "integrity": "sha512-yQzuwMDEyxc+TFHn8c+LtpK1Sqpy8I3FAr+1EoqqLmNmv6hjfFqB8PlYztRLuM4FMFb4hIbpUoP7Gc9bPQvkCg=="
    }
  }
}
